
Microsoft Visual Studio Solution File, Format Version 12.00
# Visual Studio 14
VisualStudioVersion = 14.0.25420.1
MinimumVisualStudioVersion = 10.0.40219.1
Project("{FAE04EC0-301F-11D3-BF4B-00C04F79EFBC}") = "JIOSiteNavigator", "JIOSiteNavigator\JIOSiteNavigator.csproj", "{3014CE84-6416-4963-BE12-8387E88A214D}"
EndProject
Project("{FAE04EC0-301F-11D3-BF4B-00C04F79EFBC}") = "SiteNavigatorLib", "SiteNavigatorLib\SiteNavigatorLib.csproj", "{43878A04-3E3A-43E1-927C-867B7E808780}"
EndProject
Global
	GlobalSection(SolutionConfigurationPlatforms) = preSolution
		Debug|Any CPU = Debug|Any CPU
		Release|Any CPU = Release|Any CPU
	EndGlobalSection
	GlobalSection(ProjectConfigurationPlatforms) = postSolution
		{3014CE84-6416-4963-BE12-8387E88A214D}.Debug|Any CPU.ActiveCfg = Debug|Any CPU
		{3014CE84-6416-4963-BE12-8387E88A214D}.Debug|Any CPU.Build.0 = Debug|Any CPU
		{3014CE84-6416-4963-BE12-8387E88A214D}.Debug|Any CPU.Deploy.0 = Debug|Any CPU
		{3014CE84-6416-4963-BE12-8387E88A214D}.Release|Any CPU.ActiveCfg = Release|Any CPU
		{3014CE84-6416-4963-BE12-8387E88A214D}.Release|Any CPU.Build.0 = Release|Any CPU
		{3014CE84-6416-4963-BE12-8387E88A214D}.Release|Any CPU.Deploy.0 = Release|Any CPU
		{43878A04-3E3A-43E1-927C-867B7E808780}.Debug|Any CPU.ActiveCfg = Debug|Any CPU
		{43878A04-3E3A-43E1-927C-867B7E808780}.Debug|Any CPU.Build.0 = Debug|Any CPU
		{43878A04-3E3A-43E1-927C-867B7E808780}.Release|Any CPU.ActiveCfg = Release|Any CPU
		{43878A04-3E3A-43E1-927C-867B7E808780}.Release|Any CPU.Build.0 = Release|Any CPU
	EndGlobalSection
	GlobalSection(SolutionProperties) = preSolution
		HideSolutionNode = FALSE
	EndGlobalSection
EndGlobal
